
Microsoft Visual Studio Solution File, Format Version 12.00
# Visual Studio Version 16
VisualStudioVersion = 16.0.31129.286
MinimumVisualStudioVersion = 10.0.40219.1
Project("{FAE04EC0-301F-11D3-BF4B-00C04F79EFBC}") = "ArgentiPokerChallenge", "ArgentiPokerChallenge\ArgentiPokerChallenge.csproj", "{881CE0AF-98A0-471E-B51D-C18AB4B0992A}"
EndProject
Global
	GlobalSection(SolutionConfigurationPlatforms) = preSolution
		Debug|Any CPU = Debug|Any CPU
		Release|Any CPU = Release|Any CPU
	EndGlobalSection
	GlobalSection(ProjectConfigurationPlatforms) = postSolution
		{881CE0AF-98A0-471E-B51D-C18AB4B0992A}.Debug|Any CPU.ActiveCfg = Debug|Any CPU
		{881CE0AF-98A0-471E-B51D-C18AB4B0992A}.Debug|Any CPU.Build.0 = Debug|Any CPU
		{881CE0AF-98A0-471E-B51D-C18AB4B0992A}.Release|Any CPU.ActiveCfg = Release|Any CPU
		{881CE0AF-98A0-471E-B51D-C18AB4B0992A}.Release|Any CPU.Build.0 = Release|Any CPU
	EndGlobalSection
	GlobalSection(SolutionProperties) = preSolution
		HideSolutionNode = FALSE
	EndGlobalSection
	GlobalSection(ExtensibilityGlobals) = postSolution
		SolutionGuid = {4A3804F0-1CD4-48E5-BBCB-4944E2AB3876}
	EndGlobalSection
EndGlobal
